
Microsoft Visual Studio Solution File, Format Version 12.00
# Visual Studio Version 17
VisualStudioVersion = 17.8.34309.116
MinimumVisualStudioVersion = 10.0.40219.1
Project("{9A19103F-16F7-4668-BE54-9A1E7A4F7556}") = "Lab1", "C#12.0_Obuchenie\Lab1.csproj", "{6A25CC15-A18A-455F-BF17-3ED54A808570}"
EndProject
Project("{9A19103F-16F7-4668-BE54-9A1E7A4F7556}") = "Lab2", "Lab2\Lab2.csproj", "{A0CF9250-2AF4-445E-8F33-A752FD468ECF}"
EndProject
Project("{FAE04EC0-301F-11D3-BF4B-00C04F79EFBC}") = "Module4", "Module4\Module4.csproj", "{84C2DBB0-28AB-4B81-BDF6-0FDB959CD3CF}"
EndProject
Project("{9A19103F-16F7-4668-BE54-9A1E7A4F7556}") = "Geometry", "..\..\..\..\Desktop\Обучение C#\C# 12.0\Labs\Labs\mod5\Geometry\Geometry.csproj", "{77286AA3-5F81-41F2-8E9C-E81269EE6C54}"
EndProject
Project("{FAE04EC0-301F-11D3-BF4B-00C04F79EFBC}") = "Module5", "Module5\Module5.csproj", "{B913E9F6-29DE-4BF5-9182-B331D9C0A736}"
EndProject
Global
	GlobalSection(SolutionConfigurationPlatforms) = preSolution
		Debug|Any CPU = Debug|Any CPU
		Release|Any CPU = Release|Any CPU
	EndGlobalSection
	GlobalSection(ProjectConfigurationPlatforms) = postSolution
		{6A25CC15-A18A-455F-BF17-3ED54A808570}.Debug|Any CPU.ActiveCfg = Debug|Any CPU
		{6A25CC15-A18A-455F-BF17-3ED54A808570}.Debug|Any CPU.Build.0 = Debug|Any CPU
		{6A25CC15-A18A-455F-BF17-3ED54A808570}.Release|Any CPU.ActiveCfg = Release|Any CPU
		{6A25CC15-A18A-455F-BF17-3ED54A808570}.Release|Any CPU.Build.0 = Release|Any CPU
		{A0CF9250-2AF4-445E-8F33-A752FD468ECF}.Debug|Any CPU.ActiveCfg = Debug|Any CPU
		{A0CF9250-2AF4-445E-8F33-A752FD468ECF}.Debug|Any CPU.Build.0 = Debug|Any CPU
		{A0CF9250-2AF4-445E-8F33-A752FD468ECF}.Release|Any CPU.ActiveCfg = Release|Any CPU
		{A0CF9250-2AF4-445E-8F33-A752FD468ECF}.Release|Any CPU.Build.0 = Release|Any CPU
		{84C2DBB0-28AB-4B81-BDF6-0FDB959CD3CF}.Debug|Any CPU.ActiveCfg = Debug|Any CPU
		{84C2DBB0-28AB-4B81-BDF6-0FDB959CD3CF}.Debug|Any CPU.Build.0 = Debug|Any CPU
		{84C2DBB0-28AB-4B81-BDF6-0FDB959CD3CF}.Release|Any CPU.ActiveCfg = Release|Any CPU
		{84C2DBB0-28AB-4B81-BDF6-0FDB959CD3CF}.Release|Any CPU.Build.0 = Release|Any CPU
		{77286AA3-5F81-41F2-8E9C-E81269EE6C54}.Debug|Any CPU.ActiveCfg = Debug|Any CPU
		{77286AA3-5F81-41F2-8E9C-E81269EE6C54}.Debug|Any CPU.Build.0 = Debug|Any CPU
		{77286AA3-5F81-41F2-8E9C-E81269EE6C54}.Release|Any CPU.ActiveCfg = Release|Any CPU
		{77286AA3-5F81-41F2-8E9C-E81269EE6C54}.Release|Any CPU.Build.0 = Release|Any CPU
		{B913E9F6-29DE-4BF5-9182-B331D9C0A736}.Debug|Any CPU.ActiveCfg = Debug|Any CPU
		{B913E9F6-29DE-4BF5-9182-B331D9C0A736}.Debug|Any CPU.Build.0 = Debug|Any CPU
		{B913E9F6-29DE-4BF5-9182-B331D9C0A736}.Release|Any CPU.ActiveCfg = Release|Any CPU
		{B913E9F6-29DE-4BF5-9182-B331D9C0A736}.Release|Any CPU.Build.0 = Release|Any CPU
	EndGlobalSection
	GlobalSection(SolutionProperties) = preSolution
		HideSolutionNode = FALSE
	EndGlobalSection
	GlobalSection(ExtensibilityGlobals) = postSolution
		SolutionGuid = {3D544E2A-9773-4DA3-8876-7AEF480FD3F2}
	EndGlobalSection
EndGlobal
