
Microsoft Visual Studio Solution File, Format Version 12.00
# Visual Studio Version 17
VisualStudioVersion = 17.8.34309.116
MinimumVisualStudioVersion = 10.0.40219.1
Project("{9A19103F-16F7-4668-BE54-9A1E7A4F7556}") = "Lab1", "C#12.0_Obuchenie\Lab1.csproj", "{6A25CC15-A18A-455F-BF17-3ED54A808570}"
EndProject
Project("{9A19103F-16F7-4668-BE54-9A1E7A4F7556}") = "Lab2", "Lab2\Lab2.csproj", "{A0CF9250-2AF4-445E-8F33-A752FD468ECF}"
EndProject
Project("{9A19103F-16F7-4668-BE54-9A1E7A4F7556}") = "Module4", "Module4\Module4.csproj", "{84C2DBB0-28AB-4B81-BDF6-0FDB959CD3CF}"
EndProject
Project("{9A19103F-16F7-4668-BE54-9A1E7A4F7556}") = "Geometry", "..\..\..\..\Desktop\Обучение C#\C# 12.0\Labs\Labs\mod5\Geometry\Geometry.csproj", "{77286AA3-5F81-41F2-8E9C-E81269EE6C54}"
EndProject
Project("{9A19103F-16F7-4668-BE54-9A1E7A4F7556}") = "Module5", "Module5\Module5.csproj", "{B913E9F6-29DE-4BF5-9182-B331D9C0A736}"
EndProject
Project("{9A19103F-16F7-4668-BE54-9A1E7A4F7556}") = "Module5_Geometry_OOP", "Module5_Geometry_OOP\Module5_Geometry_OOP.csproj", "{FC34D632-7685-4B2A-80CB-9821FA2CD52E}"
EndProject
Project("{9A19103F-16F7-4668-BE54-9A1E7A4F7556}") = "Module7", "Module7\Module7.csproj", "{FC276A90-F133-49E2-AEBA-5F8F214E305B}"
EndProject
Project("{9A19103F-16F7-4668-BE54-9A1E7A4F7556}") = "Module10", "Module10\Module10.csproj", "{0F8D77E0-2B73-4361-A8F5-C27C037E0A31}"
EndProject
Project("{9A19103F-16F7-4668-BE54-9A1E7A4F7556}") = "Lab10", "..\..\..\..\Desktop\Обучение C#\C# 12.0\Labs\Labs\mod10\Lab10\Lab10.csproj", "{228D1861-9B83-410E-BC9A-53A95A6BA6C9}"
EndProject
Project("{FAE04EC0-301F-11D3-BF4B-00C04F79EFBC}") = "GeometryGit", "GeometryGit\GeometryGit.csproj", "{FE8D3B12-1C6D-408C-B509-31CBA99A660C}"
EndProject
Project("{FAE04EC0-301F-11D3-BF4B-00C04F79EFBC}") = "Events", "Events\Events.csproj", "{04B8A4ED-66E5-42C0-B304-72DD1C97C2B1}"
EndProject
Global
	GlobalSection(SolutionConfigurationPlatforms) = preSolution
		Debug|Any CPU = Debug|Any CPU
		Release|Any CPU = Release|Any CPU
	EndGlobalSection
	GlobalSection(ProjectConfigurationPlatforms) = postSolution
		{6A25CC15-A18A-455F-BF17-3ED54A808570}.Debug|Any CPU.ActiveCfg = Debug|Any CPU
		{6A25CC15-A18A-455F-BF17-3ED54A808570}.Debug|Any CPU.Build.0 = Debug|Any CPU
		{6A25CC15-A18A-455F-BF17-3ED54A808570}.Release|Any CPU.ActiveCfg = Release|Any CPU
		{6A25CC15-A18A-455F-BF17-3ED54A808570}.Release|Any CPU.Build.0 = Release|Any CPU
		{A0CF9250-2AF4-445E-8F33-A752FD468ECF}.Debug|Any CPU.ActiveCfg = Debug|Any CPU
		{A0CF9250-2AF4-445E-8F33-A752FD468ECF}.Debug|Any CPU.Build.0 = Debug|Any CPU
		{A0CF9250-2AF4-445E-8F33-A752FD468ECF}.Release|Any CPU.ActiveCfg = Release|Any CPU
		{A0CF9250-2AF4-445E-8F33-A752FD468ECF}.Release|Any CPU.Build.0 = Release|Any CPU
		{84C2DBB0-28AB-4B81-BDF6-0FDB959CD3CF}.Debug|Any CPU.ActiveCfg = Debug|Any CPU
		{84C2DBB0-28AB-4B81-BDF6-0FDB959CD3CF}.Debug|Any CPU.Build.0 = Debug|Any CPU
		{84C2DBB0-28AB-4B81-BDF6-0FDB959CD3CF}.Release|Any CPU.ActiveCfg = Release|Any CPU
		{84C2DBB0-28AB-4B81-BDF6-0FDB959CD3CF}.Release|Any CPU.Build.0 = Release|Any CPU
		{77286AA3-5F81-41F2-8E9C-E81269EE6C54}.Debug|Any CPU.ActiveCfg = Debug|Any CPU
		{77286AA3-5F81-41F2-8E9C-E81269EE6C54}.Debug|Any CPU.Build.0 = Debug|Any CPU
		{77286AA3-5F81-41F2-8E9C-E81269EE6C54}.Release|Any CPU.ActiveCfg = Release|Any CPU
		{77286AA3-5F81-41F2-8E9C-E81269EE6C54}.Release|Any CPU.Build.0 = Release|Any CPU
		{B913E9F6-29DE-4BF5-9182-B331D9C0A736}.Debug|Any CPU.ActiveCfg = Debug|Any CPU
		{B913E9F6-29DE-4BF5-9182-B331D9C0A736}.Debug|Any CPU.Build.0 = Debug|Any CPU
		{B913E9F6-29DE-4BF5-9182-B331D9C0A736}.Release|Any CPU.ActiveCfg = Release|Any CPU
		{B913E9F6-29DE-4BF5-9182-B331D9C0A736}.Release|Any CPU.Build.0 = Release|Any CPU
		{FC34D632-7685-4B2A-80CB-9821FA2CD52E}.Debug|Any CPU.ActiveCfg = Debug|Any CPU
		{FC34D632-7685-4B2A-80CB-9821FA2CD52E}.Debug|Any CPU.Build.0 = Debug|Any CPU
		{FC34D632-7685-4B2A-80CB-9821FA2CD52E}.Release|Any CPU.ActiveCfg = Release|Any CPU
		{FC34D632-7685-4B2A-80CB-9821FA2CD52E}.Release|Any CPU.Build.0 = Release|Any CPU
		{FC276A90-F133-49E2-AEBA-5F8F214E305B}.Debug|Any CPU.ActiveCfg = Debug|Any CPU
		{FC276A90-F133-49E2-AEBA-5F8F214E305B}.Debug|Any CPU.Build.0 = Debug|Any CPU
		{FC276A90-F133-49E2-AEBA-5F8F214E305B}.Release|Any CPU.ActiveCfg = Release|Any CPU
		{FC276A90-F133-49E2-AEBA-5F8F214E305B}.Release|Any CPU.Build.0 = Release|Any CPU
		{0F8D77E0-2B73-4361-A8F5-C27C037E0A31}.Debug|Any CPU.ActiveCfg = Debug|Any CPU
		{0F8D77E0-2B73-4361-A8F5-C27C037E0A31}.Debug|Any CPU.Build.0 = Debug|Any CPU
		{0F8D77E0-2B73-4361-A8F5-C27C037E0A31}.Release|Any CPU.ActiveCfg = Release|Any CPU
		{0F8D77E0-2B73-4361-A8F5-C27C037E0A31}.Release|Any CPU.Build.0 = Release|Any CPU
		{228D1861-9B83-410E-BC9A-53A95A6BA6C9}.Debug|Any CPU.ActiveCfg = Debug|Any CPU
		{228D1861-9B83-410E-BC9A-53A95A6BA6C9}.Debug|Any CPU.Build.0 = Debug|Any CPU
		{228D1861-9B83-410E-BC9A-53A95A6BA6C9}.Release|Any CPU.ActiveCfg = Release|Any CPU
		{228D1861-9B83-410E-BC9A-53A95A6BA6C9}.Release|Any CPU.Build.0 = Release|Any CPU
		{FE8D3B12-1C6D-408C-B509-31CBA99A660C}.Debug|Any CPU.ActiveCfg = Debug|Any CPU
		{FE8D3B12-1C6D-408C-B509-31CBA99A660C}.Debug|Any CPU.Build.0 = Debug|Any CPU
		{FE8D3B12-1C6D-408C-B509-31CBA99A660C}.Release|Any CPU.ActiveCfg = Release|Any CPU
		{FE8D3B12-1C6D-408C-B509-31CBA99A660C}.Release|Any CPU.Build.0 = Release|Any CPU
		{04B8A4ED-66E5-42C0-B304-72DD1C97C2B1}.Debug|Any CPU.ActiveCfg = Debug|Any CPU
		{04B8A4ED-66E5-42C0-B304-72DD1C97C2B1}.Debug|Any CPU.Build.0 = Debug|Any CPU
		{04B8A4ED-66E5-42C0-B304-72DD1C97C2B1}.Release|Any CPU.ActiveCfg = Release|Any CPU
		{04B8A4ED-66E5-42C0-B304-72DD1C97C2B1}.Release|Any CPU.Build.0 = Release|Any CPU
	EndGlobalSection
	GlobalSection(SolutionProperties) = preSolution
		HideSolutionNode = FALSE
	EndGlobalSection
	GlobalSection(ExtensibilityGlobals) = postSolution
		SolutionGuid = {3D544E2A-9773-4DA3-8876-7AEF480FD3F2}
	EndGlobalSection
EndGlobal
